// !$*UTF8*$!
{
	archiveVersion = 1;
	classes = {
	};
	objectVersion = 46;
	objects = {

/* Begin PBXBuildFile section */
		1E9E04801AA651C700A70042 /* main.m in Sources */ = {isa = PBXBuildFile; fileRef = 1E9E047F1AA651C700A70042 /* main.m */; };
		1E9E04831AA651C700A70042 /* AppDelegate.m in Sources */ = {isa = PBXBuildFile; fileRef = 1E9E04821AA651C700A70042 /* AppDelegate.m */; };
		1E9E04891AA651C700A70042 /* Main.storyboard in Resources */ = {isa = PBXBuildFile; fileRef = 1E9E04871AA651C700A70042 /* Main.storyboard */; };
		1E9E048B1AA651C700A70042 /* Images.xcassets in Resources */ = {isa = PBXBuildFile; fileRef = 1E9E048A1AA651C700A70042 /* Images.xcassets */; };
		1E9E048E1AA651C700A70042 /* LaunchScreen.xib in Resources */ = {isa = PBXBuildFile; fileRef = 1E9E048C1AA651C700A70042 /* LaunchScreen.xib */; };
		1E9E049A1AA651C800A70042 /* UITableViewController_Challenge_SolutionTests.m in Sources */ = {isa = PBXBuildFile; fileRef = 1E9E04991AA651C800A70042 /* UITableViewController_Challenge_SolutionTests.m */; };
		1E9E04A51AA657C500A70042 /* TableViewController.m in Sources */ = {isa = PBXBuildFile; fileRef = 1E9E04A41AA657C500A70042 /* TableViewController.m */; };
/* End PBXBuildFile section */

/* Begin PBXContainerItemProxy section */
		1E9E04941AA651C800A70042 /* PBXContainerItemProxy */ = {
			isa = PBXContainerItemProxy;
			containerPortal = 1E9E04721AA651C700A70042 /* Project object */;
			proxyType = 1;
			remoteGlobalIDString = 1E9E04791AA651C700A70042;
			remoteInfo = "UITableViewController Challenge Solution";
		};
/* End PBXContainerItemProxy section */

/* Begin PBXFileReference section */
		1E9E047A1AA651C700A70042 /* UITableViewController Challenge Solution.app */ = {isa = PBXFileReference; explicitFileType = wrapper.application; includeInIndex = 0; path = "UITableViewController Challenge Solution.app"; sourceTree = BUILT_PRODUCTS_DIR; };
		1E9E047E1AA651C700A70042 /* Info.plist */ = {isa = PBXFileReference; lastKnownFileType = text.plist.xml; path = Info.plist; sourceTree = "<group>"; };
		1E9E047F1AA651C700A70042 /* main.m */ = {isa = PBXFileReference; lastKnownFileType = sourcecode.c.objc; path = main.m; sourceTree = "<group>"; };
		1E9E04811AA651C700A70042 /* AppDelegate.h */ = {isa = PBXFileReference; lastKnownFileType = sourcecode.c.h; path = AppDelegate.h; sourceTree = "<group>"; };
		1E9E04821AA651C700A70042 /* AppDelegate.m */ = {isa = PBXFileReference; lastKnownFileType = sourcecode.c.objc; path = AppDelegate.m; sourceTree = "<group>"; };
		1E9E04881AA651C700A70042 /* Base */ = {isa = PBXFileReference; lastKnownFileType = file.storyboard; name = Base; path = Base.lproj/Main.storyboard; sourceTree = "<group>"; };
		1E9E048A1AA651C700A70042 /* Images.xcassets */ = {isa = PBXFileReference; lastKnownFileType = folder.assetcatalog; path = Images.xcassets; sourceTree = "<group>"; };
		1E9E048D1AA651C700A70042 /* Base */ = {isa = PBXFileReference; lastKnownFileType = file.xib; name = Base; path = Base.lproj/LaunchScreen.xib; sourceTree = "<group>"; };
		1E9E04931AA651C800A70042 /* UITableViewController Challenge SolutionTests.xctest */ = {isa = PBXFileReference; explicitFileType = wrapper.cfbundle; includeInIndex = 0; path = "UITableViewController Challenge SolutionTests.xctest"; sourceTree = BUILT_PRODUCTS_DIR; };
		1E9E04981AA651C800A70042 /* Info.plist */ = {isa = PBXFileReference; lastKnownFileType = text.plist.xml; path = Info.plist; sourceTree = "<group>"; };
		1E9E04991AA651C800A70042 /* UITableViewController_Challenge_SolutionTests.m */ = {isa = PBXFileReference; lastKnownFileType = sourcecode.c.objc; path = UITableViewController_Challenge_SolutionTests.m; sourceTree = "<group>"; };
		1E9E04A31AA657C500A70042 /* TableViewController.h */ = {isa = PBXFileReference; fileEncoding = 4; lastKnownFileType = sourcecode.c.h; path = TableViewController.h; sourceTree = "<group>"; };
		1E9E04A41AA657C500A70042 /* TableViewController.m */ = {isa = PBXFileReference; fileEncoding = 4; lastKnownFileType = sourcecode.c.objc; path = TableViewController.m; sourceTree = "<group>"; };
/* End PBXFileReference section */

/* Begin PBXFrameworksBuildPhase section */
		1E9E04771AA651C700A70042 /* Frameworks */ = {
			isa = PBXFrameworksBuildPhase;
			buildActionMask = 2147483647;
			files = (
			);
			runOnlyForDeploymentPostprocessing = 0;
		};
		1E9E04901AA651C800A70042 /* Frameworks */ = {
			isa = PBXFrameworksBuildPhase;
			buildActionMask = 2147483647;
			files = (
			);
			runOnlyForDeploymentPostprocessing = 0;
		};
/* End PBXFrameworksBuildPhase section */

/* Begin PBXGroup section */
		1E9E04711AA651C700A70042 = {
			isa = PBXGroup;
			children = (
				1E9E047C1AA651C700A70042 /* UITableViewController Challenge Solution */,
				1E9E04961AA651C800A70042 /* UITableViewController Challenge SolutionTests */,
				1E9E047B1AA651C700A70042 /* Products */,
			);
			sourceTree = "<group>";
		};
		1E9E047B1AA651C700A70042 /* Products */ = {
			isa = PBXGroup;
			children = (
				1E9E047A1AA651C700A70042 /* UITableViewController Challenge Solution.app */,
				1E9E04931AA651C800A70042 /* UITableViewController Challenge SolutionTests.xctest */,
			);
			name = Products;
			sourceTree = "<group>";
		};
		1E9E047C1AA651C700A70042 /* UITableViewController Challenge Solution */ = {
			isa = PBXGroup;
			children = (
				1E9E04811AA651C700A70042 /* AppDelegate.h */,
				1E9E04821AA651C700A70042 /* AppDelegate.m */,
				1E9E04A31AA657C500A70042 /* TableViewController.h */,
				1E9E04A41AA657C500A70042 /* TableViewController.m */,
				1E9E04871AA651C700A70042 /* Main.storyboard */,
				1E9E048A1AA651C700A70042 /* Images.xcassets */,
				1E9E048C1AA651C700A70042 /* LaunchScreen.xib */,
				1E9E047D1AA651C700A70042 /* Supporting Files */,
			);
			path = "UITableViewController Challenge Solution";
			sourceTree = "<group>";
		};
		1E9E047D1AA651C700A70042 /* Supporting Files */ = {
			isa = PBXGroup;
			children = (
				1E9E047E1AA651C700A70042 /* Info.plist */,
				1E9E047F1AA651C700A70042 /* main.m */,
			);
			name = "Supporting Files";
			sourceTree = "<group>";
		};
		1E9E04961AA651C800A70042 /* UITableViewController Challenge SolutionTests */ = {
			isa = PBXGroup;
			children = (
				1E9E04991AA651C800A70042 /* UITableViewController_Challenge_SolutionTests.m */,
				1E9E04971AA651C800A70042 /* Supporting Files */,
			);
			path = "UITableViewController Challenge SolutionTests";
			sourceTree = "<group>";
		};
		1E9E04971AA651C800A70042 /* Supporting Files */ = {
			isa = PBXGroup;
			children = (
				1E9E04981AA651C800A70042 /* Info.plist */,
			);
			name = "Supporting Files";
			sourceTree = "<group>";
		};
/* End PBXGroup section */

/* Begin PBXNativeTarget section */
		1E9E04791AA651C700A70042 /* UITableViewController Challenge Solution */ = {
			isa = PBXNativeTarget;
			buildConfigurationList = 1E9E049D1AA651C800A70042 /* Build configuration list for PBXNativeTarget "UITableViewController Challenge Solution" */;
			buildPhases = (
				1E9E04761AA651C700A70042 /* Sources */,
				1E9E04771AA651C700A70042 /* Frameworks */,
				1E9E04781AA651C700A70042 /* Resources */,
			);
			buildRules = (
			);
			dependencies = (
			);
			name = "UITableViewController Challenge Solution";
			productName = "UITableViewController Challenge Solution";
			productReference = 1E9E047A1AA651C700A70042 /* UITableViewController Challenge Solution.app */;
			productType = "com.apple.product-type.application";
		};
		1E9E04921AA651C800A70042 /* UITableViewController Challenge SolutionTests */ = {
			isa = PBXNativeTarget;
			buildConfigurationList = 1E9E04A01AA651C800A70042 /* Build configuration list for PBXNativeTarget "UITableViewController Challenge SolutionTests" */;
			buildPhases = (
				1E9E048F1AA651C800A70042 /* Sources */,
				1E9E04901AA651C800A70042 /* Frameworks */,
				1E9E04911AA651C800A70042 /* Resources */,
			);
			buildRules = (
			);
			dependencies = (
				1E9E04951AA651C800A70042 /* PBXTargetDependency */,
			);
			name = "UITableViewController Challenge SolutionTests";
			productName = "UITableViewController Challenge SolutionTests";
			productReference = 1E9E04931AA651C800A70042 /* UITableViewController Challenge SolutionTests.xctest */;
			productType = "com.apple.product-type.bundle.unit-test";
		};
/* End PBXNativeTarget section */

/* Begin PBXProject section */
		1E9E04721AA651C700A70042 /* Project object */ = {
			isa = PBXProject;
			attributes = {
				LastUpgradeCheck = 0610;
				ORGANIZATIONNAME = "Juri Pall";
				TargetAttributes = {
					1E9E04791AA651C700A70042 = {
						CreatedOnToolsVersion = 6.1.1;
					};
					1E9E04921AA651C800A70042 = {
						CreatedOnToolsVersion = 6.1.1;
						TestTargetID = 1E9E04791AA651C700A70042;
					};
				};
			};
			buildConfigurationList = 1E9E04751AA651C700A70042 /* Build configuration list for PBXProject "UITableViewController Challenge Solution" */;
			compatibilityVersion = "Xcode 3.2";
			developmentRegion = English;
			hasScannedForEncodings = 0;
			knownRegions = (
				en,
				Base,
			);
			mainGroup = 1E9E04711AA651C700A70042;
			productRefGroup = 1E9E047B1AA651C700A70042 /* Products */;
			projectDirPath = "";
			projectRoot = "";
			targets = (
				1E9E04791AA651C700A70042 /* UITableViewController Challenge Solution */,
				1E9E04921AA651C800A70042 /* UITableViewController Challenge SolutionTests */,
			);
		};
/* End PBXProject section */

/* Begin PBXResourcesBuildPhase section */
		1E9E04781AA651C700A70042 /* Resources */ = {
			isa = PBXResourcesBuildPhase;
			buildActionMask = 2147483647;
			files = (
				1E9E04891AA651C700A70042 /* Main.storyboard in Resources */,
				1E9E048E1AA651C700A70042 /* LaunchScreen.xib in Resources */,
				1E9E048B1AA651C700A70042 /* Images.xcassets in Resources */,
			);
			runOnlyForDeploymentPostprocessing = 0;
		};
		1E9E04911AA651C800A70042 /* Resources */ = {
			isa = PBXResourcesBuildPhase;
			buildActionMask = 2147483647;
			files = (
			);
			runOnlyForDeploymentPostprocessing = 0;
		};
/* End PBXResourcesBuildPhase section */

/* Begin PBXSourcesBuildPhase section */
		1E9E04761AA651C700A70042 /* Sources */ = {
			isa = PBXSourcesBuildPhase;
			buildActionMask = 2147483647;
			files = (
				1E9E04831AA651C700A70042 /* AppDelegate.m in Sources */,
				1E9E04A51AA657C500A70042 /* TableViewController.m in Sources */,
				1E9E04801AA651C700A70042 /* main.m in Sources */,
			);
			runOnlyForDeploymentPostprocessing = 0;
		};
		1E9E048F1AA651C800A70042 /* Sources */ = {
			isa = PBXSourcesBuildPhase;
			buildActionMask = 2147483647;
			files = (
				1E9E049A1AA651C800A70042 /* UITableViewController_Challenge_SolutionTests.m in Sources */,
			);
			runOnlyForDeploymentPostprocessing = 0;
		};
/* End PBXSourcesBuildPhase section */

/* Begin PBXTargetDependency section */
		1E9E04951AA651C800A70042 /* PBXTargetDependency */ = {
			isa = PBXTargetDependency;
			target = 1E9E04791AA651C700A70042 /* UITableViewController Challenge Solution */;
			targetProxy = 1E9E04941AA651C800A70042 /* PBXContainerItemProxy */;
		};
/* End PBXTargetDependency section */

/* Begin PBXVariantGroup section */
		1E9E04871AA651C700A70042 /* Main.storyboard */ = {
			isa = PBXVariantGroup;
			children = (
				1E9E04881AA651C700A70042 /* Base */,
			);
			name = Main.storyboard;
			sourceTree = "<group>";
		};
		1E9E048C1AA651C700A70042 /* LaunchScreen.xib */ = {
			isa = PBXVariantGroup;
			children = (
				1E9E048D1AA651C700A70042 /* Base */,
			);
			name = LaunchScreen.xib;
			sourceTree = "<group>";
		};
/* End PBXVariantGroup section */

/* Begin XCBuildConfiguration section */
		1E9E049B1AA651C800A70042 /* Debug */ = {
			isa = XCBuildConfiguration;
			buildSettings = {
				ALWAYS_SEARCH_USER_PATHS = NO;
				CLANG_CXX_LANGUAGE_STANDARD = "gnu++0x";
				CLANG_CXX_LIBRARY = "libc++";
				CLANG_ENABLE_MODULES = YES;
				CLANG_ENABLE_OBJC_ARC = YES;
				CLANG_WARN_BOOL_CONVERSION = YES;
				CLANG_WARN_CONSTANT_CONVERSION = YES;
				CLANG_WARN_DIRECT_OBJC_ISA_USAGE = YES_ERROR;
				CLANG_WARN_EMPTY_BODY = YES;
				CLANG_WARN_ENUM_CONVERSION = YES;
				CLANG_WARN_INT_CONVERSION = YES;
				CLANG_WARN_OBJC_ROOT_CLASS = YES_ERROR;
				CLANG_WARN_UNREACHABLE_CODE = YES;
				CLANG_WARN__DUPLICATE_METHOD_MATCH = YES;
				"CODE_SIGN_IDENTITY[sdk=iphoneos*]" = "iPhone Developer";
				COPY_PHASE_STRIP = NO;
				ENABLE_STRICT_OBJC_MSGSEND = YES;
				GCC_C_LANGUAGE_STANDARD = gnu99;
				GCC_DYNAMIC_NO_PIC = NO;
				GCC_OPTIMIZATION_LEVEL = 0;
				GCC_PREPROCESSOR_DEFINITIONS = (
					"DEBUG=1",
					"$(inherited)",
				);
				GCC_SYMBOLS_PRIVATE_EXTERN = NO;
				GCC_WARN_64_TO_32_BIT_CONVERSION = YES;
				GCC_WARN_ABOUT_RETURN_TYPE = YES_ERROR;
				GCC_WARN_UNDECLARED_SELECTOR = YES;
				GCC_WARN_UNINITIALIZED_AUTOS = YES_AGGRESSIVE;
				GCC_WARN_UNUSED_FUNCTION = YES;
				GCC_WARN_UNUSED_VARIABLE = YES;
				IPHONEOS_DEPLOYMENT_TARGET = 8.1;
				MTL_ENABLE_DEBUG_INFO = YES;
				ONLY_ACTIVE_ARCH = YES;
				SDKROOT = iphoneos;
			};
			name = Debug;
		};
		1E9E049C1AA651C800A70042 /* Release */ = {
			isa = XCBuildConfiguration;
			buildSettings = {
				ALWAYS_SEARCH_USER_PATHS = NO;
				CLANG_CXX_LANGUAGE_STANDARD = "gnu++0x";
				CLANG_CXX_LIBRARY = "libc++";
				CLANG_ENABLE_MODULES = YES;
				CLANG_ENABLE_OBJC_ARC = YES;
				CLANG_WARN_BOOL_CONVERSION = YES;
				CLANG_WARN_CONSTANT_CONVERSION = YES;
				CLANG_WARN_DIRECT_OBJC_ISA_USAGE = YES_ERROR;
				CLANG_WARN_EMPTY_BODY = YES;
				CLANG_WARN_ENUM_CONVERSION = YES;
				CLANG_WARN_INT_CONVERSION = YES;
				CLANG_WARN_OBJC_ROOT_CLASS = YES_ERROR;
				CLANG_WARN_UNREACHABLE_CODE = YES;
				CLANG_WARN__DUPLICATE_METHOD_MATCH = YES;
				"CODE_SIGN_IDENTITY[sdk=iphoneos*]" = "iPhone Developer";
				COPY_PHASE_STRIP = YES;
				ENABLE_NS_ASSERTIONS = NO;
				ENABLE_STRICT_OBJC_MSGSEND = YES;
				GCC_C_LANGUAGE_STANDARD = gnu99;
				GCC_WARN_64_TO_32_BIT_CONVERSION = YES;
				GCC_WARN_ABOUT_RETURN_TYPE = YES_ERROR;
				GCC_WARN_UNDECLARED_SELECTOR = YES;
				GCC_WARN_UNINITIALIZED_AUTOS = YES_AGGRESSIVE;
				GCC_WARN_UNUSED_FUNCTION = YES;
				GCC_WARN_UNUSED_VARIABLE = YES;
				IPHONEOS_DEPLOYMENT_TARGET = 8.1;
				MTL_ENABLE_DEBUG_INFO = NO;
				SDKROOT = iphoneos;
				VALIDATE_PRODUCT = YES;
			};
			name = Release;
		};
		1E9E049E1AA651C800A70042 /* Debug */ = {
			isa = XCBuildConfiguration;
			buildSettings = {
				ASSETCATALOG_COMPILER_APPICON_NAME = AppIcon;
				INFOPLIST_FILE = "UITableViewController Challenge Solution/Info.plist";
				IPHONEOS_DEPLOYMENT_TARGET = 7.1;
				LD_RUNPATH_SEARCH_PATHS = "$(inherited) @executable_path/Frameworks";
				PRODUCT_NAME = "$(TARGET_NAME)";
			};
			name = Debug;
		};
		1E9E049F1AA651C800A70042 /* Release */ = {
			isa = XCBuildConfiguration;
			buildSettings = {
				ASSETCATALOG_COMPILER_APPICON_NAME = AppIcon;
				INFOPLIST_FILE = "UITableViewController Challenge Solution/Info.plist";
				IPHONEOS_DEPLOYMENT_TARGET = 7.1;
				LD_RUNPATH_SEARCH_PATHS = "$(inherited) @executable_path/Frameworks";
				PRODUCT_NAME = "$(TARGET_NAME)";
			};
			name = Release;
		};
		1E9E04A11AA651C800A70042 /* Debug */ = {
			isa = XCBuildConfiguration;
			buildSettings = {
				BUNDLE_LOADER = "$(TEST_HOST)";
				FRAMEWORK_SEARCH_PATHS = (
					"$(SDKROOT)/Developer/Library/Frameworks",
					"$(inherited)",
				);
				GCC_PREPROCESSOR_DEFINITIONS = (
					"DEBUG=1",
					"$(inherited)",
				);
				INFOPLIST_FILE = "UITableViewController Challenge SolutionTests/Info.plist";
				LD_RUNPATH_SEARCH_PATHS = "$(inherited) @executable_path/Frameworks @loader_path/Frameworks";
				PRODUCT_NAME = "$(TARGET_NAME)";
				TEST_HOST = "$(BUILT_PRODUCTS_DIR)/UITableViewController Challenge Solution.app/UITableViewController Challenge Solution";
			};
			name = Debug;
		};
		1E9E04A21AA651C800A70042 /* Release */ = {
			isa = XCBuildConfiguration;
			buildSettings = {
				BUNDLE_LOADER = "$(TEST_HOST)";
				FRAMEWORK_SEARCH_PATHS = (
					"$(SDKROOT)/Developer/Library/Frameworks",
					"$(inherited)",
				);
				INFOPLIST_FILE = "UITableViewController Challenge SolutionTests/Info.plist";
				LD_RUNPATH_SEARCH_PATHS = "$(inherited) @executable_path/Frameworks @loader_path/Frameworks";
				PRODUCT_NAME = "$(TARGET_NAME)";
				TEST_HOST = "$(BUILT_PRODUCTS_DIR)/UITableViewController Challenge Solution.app/UITableViewController Challenge Solution";
			};
			name = Release;
		};
/* End XCBuildConfiguration section */

/* Begin XCConfigurationList section */
		1E9E04751AA651C700A70042 /* Build configuration list for PBXProject "UITableViewController Challenge Solution" */ = {
			isa = XCConfigurationList;
			buildConfigurations = (
				1E9E049B1AA651C800A70042 /* Debug */,
				1E9E049C1AA651C800A70042 /* Release */,
			);
			defaultConfigurationIsVisible = 0;
			defaultConfigurationName = Release;
		};
		1E9E049D1AA651C800A70042 /* Build configuration list for PBXNativeTarget "UITableViewController Challenge Solution" */ = {
			isa = XCConfigurationList;
			buildConfigurations = (
				1E9E049E1AA651C800A70042 /* Debug */,
				1E9E049F1AA651C800A70042 /* Release */,
			);
			defaultConfigurationIsVisible = 0;
		};
		1E9E04A01AA651C800A70042 /* Build configuration list for PBXNativeTarget "UITableViewController Challenge SolutionTests" */ = {
			isa = XCConfigurationList;
			buildConfigurations = (
				1E9E04A11AA651C800A70042 /* Debug */,
				1E9E04A21AA651C800A70042 /* Release */,
			);
			defaultConfigurationIsVisible = 0;
		};
/* End XCConfigurationList section */
	};
	rootObject = 1E9E04721AA651C700A70042 /* Project object */;
}
